
Microsoft Visual Studio Solution File, Format Version 12.00
# Visual Studio 15
VisualStudioVersion = 15.0.28010.2026
MinimumVisualStudioVersion = 10.0.40219.1
Project("{9092AA53-FB77-4645-B42D-1CCCA6BD08BD}") = "DigitRecognitionTF", "DigitRecognitionTF.njsproj", "{D5814B9E-5D6E-4A2E-8F07-010749184B44}"
EndProject
Global
	GlobalSection(SolutionConfigurationPlatforms) = preSolution
		Debug|Any CPU = Debug|Any CPU
		Release|Any CPU = Release|Any CPU
	EndGlobalSection
	GlobalSection(ProjectConfigurationPlatforms) = postSolution
		{D5814B9E-5D6E-4A2E-8F07-010749184B44}.Debug|Any CPU.ActiveCfg = Debug|Any CPU
		{D5814B9E-5D6E-4A2E-8F07-010749184B44}.Debug|Any CPU.Build.0 = Debug|Any CPU
		{D5814B9E-5D6E-4A2E-8F07-010749184B44}.Release|Any CPU.ActiveCfg = Release|Any CPU
		{D5814B9E-5D6E-4A2E-8F07-010749184B44}.Release|Any CPU.Build.0 = Release|Any CPU
	EndGlobalSection
	GlobalSection(SolutionProperties) = preSolution
		HideSolutionNode = FALSE
	EndGlobalSection
	GlobalSection(ExtensibilityGlobals) = postSolution
		SolutionGuid = {0963E2CF-4543-4594-A9BB-FBE0A9FF8E81}
	EndGlobalSection
EndGlobal
